
Microsoft Visual Studio Solution File, Format Version 12.00
# Visual Studio Version 16
VisualStudioVersion = 16.0.29411.108
MinimumVisualStudioVersion = 10.0.40219.1
Project("{FAE04EC0-301F-11D3-BF4B-00C04F79EFBC}") = "ScriptEx", "ScriptEx\ScriptEx.csproj", "{2A3D851A-2A78-4616-844F-36008FD91621}"
EndProject
Global
	GlobalSection(SolutionConfigurationPlatforms) = preSolution
		Debug|Any CPU = Debug|Any CPU
		Release|Any CPU = Release|Any CPU
	EndGlobalSection
	GlobalSection(ProjectConfigurationPlatforms) = postSolution
		{2A3D851A-2A78-4616-844F-36008FD91621}.Debug|Any CPU.ActiveCfg = Debug|Any CPU
		{2A3D851A-2A78-4616-844F-36008FD91621}.Debug|Any CPU.Build.0 = Debug|Any CPU
		{2A3D851A-2A78-4616-844F-36008FD91621}.Release|Any CPU.ActiveCfg = Release|Any CPU
		{2A3D851A-2A78-4616-844F-36008FD91621}.Release|Any CPU.Build.0 = Release|Any CPU
	EndGlobalSection
	GlobalSection(SolutionProperties) = preSolution
		HideSolutionNode = FALSE
	EndGlobalSection
	GlobalSection(ExtensibilityGlobals) = postSolution
		SolutionGuid = {DCD0F656-6629-44B8-9372-345258EAB9CE}
	EndGlobalSection
EndGlobal
